// !$*UTF8*$!
{
	archiveVersion = 1;
	classes = {
	};
	objectVersion = 77;
	objects = {

/* Begin PBXBuildFile section */
		D65AF1CB2F86C805005B09F0 /* SharedKit in Frameworks */ = {isa = PBXBuildFile; productRef = D65AF1CA2F86C805005B09F0 /* SharedKit */; };
		D65AF1CD2F86C80B005B09F0 /* SharedKit in Frameworks */ = {isa = PBXBuildFile; productRef = D65AF1CC2F86C80B005B09F0 /* SharedKit */; };
		D66345E42F705B8A00EB2AA7 /* ManagedSettings.framework in Frameworks */ = {isa = PBXBuildFile; fileRef = D66345E32F705B8A00EB2AA7 /* ManagedSettings.framework */; };
		D66345E62F705B8A00EB2AA7 /* ManagedSettingsUI.framework in Frameworks */ = {isa = PBXBuildFile; fileRef = D66345E52F705B8A00EB2AA7 /* ManagedSettingsUI.framework */; };
		D66345F92F705BC900EB2AA7 /* ManagedSettings.framework in Frameworks */ = {isa = PBXBuildFile; fileRef = D66345E32F705B8A00EB2AA7 /* ManagedSettings.framework */; };
		D66346212F705F6200EB2AA7 /* ShieldActionExtension.appex in Embed Foundation Extensions */ = {isa = PBXBuildFile; fileRef = D66345F82F705BC900EB2AA7 /* ShieldActionExtension.appex */; settings = {ATTRIBUTES = (RemoveHeadersOnCopy, ); }; };
		D66346242F705F6A00EB2AA7 /* ShieldConfigurationExtension.appex in Embed Foundation Extensions */ = {isa = PBXBuildFile; fileRef = D66345E22F705B8A00EB2AA7 /* ShieldConfigurationExtension.appex */; settings = {ATTRIBUTES = (RemoveHeadersOnCopy, ); }; };
		D6D237752F8848EA00084B5A /* DeviceActivity.framework in Frameworks */ = {isa = PBXBuildFile; fileRef = D663460B2F705C0600EB2AA7 /* DeviceActivity.framework */; };
		D6D2377D2F8848EA00084B5A /* DeviceActivityMonitorExtension.appex in Embed Foundation Extensions */ = {isa = PBXBuildFile; fileRef = D6D237742F8848EA00084B5A /* DeviceActivityMonitorExtension.appex */; settings = {ATTRIBUTES = (RemoveHeadersOnCopy, ); }; };
		D6D237832F884BE900084B5A /* SharedKit in Frameworks */ = {isa = PBXBuildFile; productRef = D6D237822F884BE900084B5A /* SharedKit */; };
		D6F034F72F72D13A00966A28 /* SharedKit in Frameworks */ = {isa = PBXBuildFile; productRef = D6F034F62F72D13A00966A28 /* SharedKit */; };
/* End PBXBuildFile section */

/* Begin PBXContainerItemProxy section */
		D663461F2F705F5300EB2AA7 /* PBXContainerItemProxy */ = {
			isa = PBXContainerItemProxy;
			containerPortal = D66345BC2F70258500EB2AA7 /* Project object */;
			proxyType = 1;
			remoteGlobalIDString = D6D237732F8848EA00084B5A;
			remoteInfo = DeviceActivityMonitorExtension;
		};
		D66346222F705F6200EB2AA7 /* PBXContainerItemProxy */ = {
			isa = PBXContainerItemProxy;
			containerPortal = D66345BC2F70258500EB2AA7 /* Project object */;
			proxyType = 1;
			remoteGlobalIDString = D66345F72F705BC900EB2AA7;
			remoteInfo = ShieldActionExtension;
		};
		D66346252F705F6A00EB2AA7 /* PBXContainerItemProxy */ = {
			isa = PBXContainerItemProxy;
			containerPortal = D66345BC2F70258500EB2AA7 /* Project object */;
			proxyType = 1;
			remoteGlobalIDString = D66345E12F705B8A00EB2AA7;
			remoteInfo = ShieldConfigurationExtension;
		};
		D6D2377B2F8848EA00084B5A /* PBXContainerItemProxy */ = {
			isa = PBXContainerItemProxy;
			containerPortal = D66345BC2F70258500EB2AA7 /* Project object */;
			proxyType = 1;
			remoteGlobalIDString = D6D237732F8848EA00084B5A;
			remoteInfo = DeviceActivityMonitorExtension;
		};
/* End PBXContainerItemProxy section */

/* Begin PBXCopyFilesBuildPhase section */
		D663461E2F705F4E00EB2AA7 /* Embed Foundation Extensions */ = {
			isa = PBXCopyFilesBuildPhase;
			buildActionMask = 2147483647;
			dstPath = "";
			dstSubfolderSpec = 13;
			files = (
				D6D2377D2F8848EA00084B5A /* DeviceActivityMonitorExtension.appex in Embed Foundation Extensions */,
				D66346242F705F6A00EB2AA7 /* ShieldConfigurationExtension.appex in Embed Foundation Extensions */,
				D66346212F705F6200EB2AA7 /* ShieldActionExtension.appex in Embed Foundation Extensions */,
			);
			name = "Embed Foundation Extensions";
			runOnlyForDeploymentPostprocessing = 0;
		};
/* End PBXCopyFilesBuildPhase section */

/* Begin PBXFileReference section */
		D66345C42F70258500EB2AA7 /* aMCCT.app */ = {isa = PBXFileReference; explicitFileType = wrapper.application; includeInIndex = 0; path = aMCCT.app; sourceTree = BUILT_PRODUCTS_DIR; };
		D66345E22F705B8A00EB2AA7 /* ShieldConfigurationExtension.appex */ = {isa = PBXFileReference; explicitFileType = "wrapper.app-extension"; includeInIndex = 0; path = ShieldConfigurationExtension.appex; sourceTree = BUILT_PRODUCTS_DIR; };
		D66345E32F705B8A00EB2AA7 /* ManagedSettings.framework */ = {isa = PBXFileReference; lastKnownFileType = wrapper.framework; name = ManagedSettings.framework; path = System/Library/Frameworks/ManagedSettings.framework; sourceTree = SDKROOT; };
		D66345E52F705B8A00EB2AA7 /* ManagedSettingsUI.framework */ = {isa = PBXFileReference; lastKnownFileType = wrapper.framework; name = ManagedSettingsUI.framework; path = System/Library/Frameworks/ManagedSettingsUI.framework; sourceTree = SDKROOT; };
		D66345F82F705BC900EB2AA7 /* ShieldActionExtension.appex */ = {isa = PBXFileReference; explicitFileType = "wrapper.app-extension"; includeInIndex = 0; path = ShieldActionExtension.appex; sourceTree = BUILT_PRODUCTS_DIR; };
		D663460B2F705C0600EB2AA7 /* DeviceActivity.framework */ = {isa = PBXFileReference; lastKnownFileType = wrapper.framework; name = DeviceActivity.framework; path = System/Library/Frameworks/DeviceActivity.framework; sourceTree = SDKROOT; };
		D6D237742F8848EA00084B5A /* DeviceActivityMonitorExtension.appex */ = {isa = PBXFileReference; explicitFileType = "wrapper.app-extension"; includeInIndex = 0; path = DeviceActivityMonitorExtension.appex; sourceTree = BUILT_PRODUCTS_DIR; };
/* End PBXFileReference section */

/* Begin PBXFileSystemSynchronizedBuildFileExceptionSet section */
		D66345F22F705B8A00EB2AA7 /* Exceptions for "ShieldConfigurationExtension" folder in "ShieldConfigurationExtension" target */ = {
			isa = PBXFileSystemSynchronizedBuildFileExceptionSet;
			membershipExceptions = (
				Info.plist,
			);
			target = D66345E12F705B8A00EB2AA7 /* ShieldConfigurationExtension */;
		};
		D66346052F705BC900EB2AA7 /* Exceptions for "ShieldActionExtension" folder in "ShieldActionExtension" target */ = {
			isa = PBXFileSystemSynchronizedBuildFileExceptionSet;
			membershipExceptions = (
				Info.plist,
			);
			target = D66345F72F705BC900EB2AA7 /* ShieldActionExtension */;
		};
		D6D2377E2F8848EA00084B5A /* Exceptions for "DeviceActivityMonitorExtension" folder in "DeviceActivityMonitorExtension" target */ = {
			isa = PBXFileSystemSynchronizedBuildFileExceptionSet;
			membershipExceptions = (
				Info.plist,
			);
			target = D6D237732F8848EA00084B5A /* DeviceActivityMonitorExtension */;
		};
/* End PBXFileSystemSynchronizedBuildFileExceptionSet section */

/* Begin PBXFileSystemSynchronizedRootGroup section */
		D66345C62F70258500EB2AA7 /* aMCCT */ = {
			isa = PBXFileSystemSynchronizedRootGroup;
			path = aMCCT;
			sourceTree = "<group>";
		};
		D66345E72F705B8A00EB2AA7 /* ShieldConfigurationExtension */ = {
			isa = PBXFileSystemSynchronizedRootGroup;
			exceptions = (
				D66345F22F705B8A00EB2AA7 /* Exceptions for "ShieldConfigurationExtension" folder in "ShieldConfigurationExtension" target */,
			);
			path = ShieldConfigurationExtension;
			sourceTree = "<group>";
		};
		D66345FA2F705BC900EB2AA7 /* ShieldActionExtension */ = {
			isa = PBXFileSystemSynchronizedRootGroup;
			exceptions = (
				D66346052F705BC900EB2AA7 /* Exceptions for "ShieldActionExtension" folder in "ShieldActionExtension" target */,
			);
			path = ShieldActionExtension;
			sourceTree = "<group>";
		};
		D6D237762F8848EA00084B5A /* DeviceActivityMonitorExtension */ = {
			isa = PBXFileSystemSynchronizedRootGroup;
			exceptions = (
				D6D2377E2F8848EA00084B5A /* Exceptions for "DeviceActivityMonitorExtension" folder in "DeviceActivityMonitorExtension" target */,
			);
			path = DeviceActivityMonitorExtension;
			sourceTree = "<group>";
		};
/* End PBXFileSystemSynchronizedRootGroup section */

/* Begin PBXFrameworksBuildPhase section */
		D66345C12F70258500EB2AA7 /* Frameworks */ = {
			isa = PBXFrameworksBuildPhase;
			buildActionMask = 2147483647;
			files = (
				D6F034F72F72D13A00966A28 /* SharedKit in Frameworks */,
			);
			runOnlyForDeploymentPostprocessing = 0;
		};
		D66345DF2F705B8A00EB2AA7 /* Frameworks */ = {
			isa = PBXFrameworksBuildPhase;
			buildActionMask = 2147483647;
			files = (
				D66345E42F705B8A00EB2AA7 /* ManagedSettings.framework in Frameworks */,
				D66345E62F705B8A00EB2AA7 /* ManagedSettingsUI.framework in Frameworks */,
				D65AF1CB2F86C805005B09F0 /* SharedKit in Frameworks */,
			);
			runOnlyForDeploymentPostprocessing = 0;
		};
		D66345F52F705BC900EB2AA7 /* Frameworks */ = {
			isa = PBXFrameworksBuildPhase;
			buildActionMask = 2147483647;
			files = (
				D65AF1CD2F86C80B005B09F0 /* SharedKit in Frameworks */,
				D66345F92F705BC900EB2AA7 /* ManagedSettings.framework in Frameworks */,
			);
			runOnlyForDeploymentPostprocessing = 0;
		};
		D6D237712F8848EA00084B5A /* Frameworks */ = {
			isa = PBXFrameworksBuildPhase;
			buildActionMask = 2147483647;
			files = (
				D6D237832F884BE900084B5A /* SharedKit in Frameworks */,
				D6D237752F8848EA00084B5A /* DeviceActivity.framework in Frameworks */,
			);
			runOnlyForDeploymentPostprocessing = 0;
		};
/* End PBXFrameworksBuildPhase section */

/* Begin PBXGroup section */
		D66345BB2F70258500EB2AA7 = {
			isa = PBXGroup;
			children = (
				D66345C62F70258500EB2AA7 /* aMCCT */,
				D663461A2F705DDF00EB2AA7 /* Extensions */,
				D66345DA2F70447C00EB2AA7 /* Frameworks */,
				D66345C52F70258500EB2AA7 /* Products */,
			);
			sourceTree = "<group>";
		};
		D66345C52F70258500EB2AA7 /* Products */ = {
			isa = PBXGroup;
			children = (
				D66345C42F70258500EB2AA7 /* aMCCT.app */,
				D66345E22F705B8A00EB2AA7 /* ShieldConfigurationExtension.appex */,
				D66345F82F705BC900EB2AA7 /* ShieldActionExtension.appex */,
				D6D237742F8848EA00084B5A /* DeviceActivityMonitorExtension.appex */,
			);
			name = Products;
			sourceTree = "<group>";
		};
		D66345DA2F70447C00EB2AA7 /* Frameworks */ = {
			isa = PBXGroup;
			children = (
				D66345E32F705B8A00EB2AA7 /* ManagedSettings.framework */,
				D66345E52F705B8A00EB2AA7 /* ManagedSettingsUI.framework */,
				D663460B2F705C0600EB2AA7 /* DeviceActivity.framework */,
			);
			name = Frameworks;
			sourceTree = "<group>";
		};
		D663461A2F705DDF00EB2AA7 /* Extensions */ = {
			isa = PBXGroup;
			children = (
				D66345E72F705B8A00EB2AA7 /* ShieldConfigurationExtension */,
				D66345FA2F705BC900EB2AA7 /* ShieldActionExtension */,
				D6D237762F8848EA00084B5A /* DeviceActivityMonitorExtension */,
			);
			path = Extensions;
			sourceTree = "<group>";
		};
/* End PBXGroup section */

/* Begin PBXNativeTarget section */
		D66345C32F70258500EB2AA7 /* aMCCT */ = {
			isa = PBXNativeTarget;
			buildConfigurationList = D66345CF2F70258500EB2AA7 /* Build configuration list for PBXNativeTarget "aMCCT" */;
			buildPhases = (
				D66345C02F70258500EB2AA7 /* Sources */,
				D66345C12F70258500EB2AA7 /* Frameworks */,
				D66345C22F70258500EB2AA7 /* Resources */,
				D663461E2F705F4E00EB2AA7 /* Embed Foundation Extensions */,
			);
			buildRules = (
			);
			dependencies = (
				D66346202F705F5300EB2AA7 /* PBXTargetDependency */,
				D66346232F705F6200EB2AA7 /* PBXTargetDependency */,
				D66346262F705F6A00EB2AA7 /* PBXTargetDependency */,
				D6D2377C2F8848EA00084B5A /* PBXTargetDependency */,
			);
			fileSystemSynchronizedGroups = (
				D66345C62F70258500EB2AA7 /* aMCCT */,
			);
			name = aMCCT;
			packageProductDependencies = (
				D6F034F62F72D13A00966A28 /* SharedKit */,
			);
			productName = aMCCT;
			productReference = D66345C42F70258500EB2AA7 /* aMCCT.app */;
			productType = "com.apple.product-type.application";
		};
		D66345E12F705B8A00EB2AA7 /* ShieldConfigurationExtension */ = {
			isa = PBXNativeTarget;
			buildConfigurationList = D66345EF2F705B8A00EB2AA7 /* Build configuration list for PBXNativeTarget "ShieldConfigurationExtension" */;
			buildPhases = (
				D66345DE2F705B8A00EB2AA7 /* Sources */,
				D66345DF2F705B8A00EB2AA7 /* Frameworks */,
				D66345E02F705B8A00EB2AA7 /* Resources */,
			);
			buildRules = (
			);
			dependencies = (
			);
			fileSystemSynchronizedGroups = (
				D66345E72F705B8A00EB2AA7 /* ShieldConfigurationExtension */,
			);
			name = ShieldConfigurationExtension;
			packageProductDependencies = (
				D65AF1CA2F86C805005B09F0 /* SharedKit */,
			);
			productName = ShieldConfigurationExtension;
			productReference = D66345E22F705B8A00EB2AA7 /* ShieldConfigurationExtension.appex */;
			productType = "com.apple.product-type.app-extension";
		};
		D66345F72F705BC900EB2AA7 /* ShieldActionExtension */ = {
			isa = PBXNativeTarget;
			buildConfigurationList = D66346022F705BC900EB2AA7 /* Build configuration list for PBXNativeTarget "ShieldActionExtension" */;
			buildPhases = (
				D66345F42F705BC900EB2AA7 /* Sources */,
				D66345F52F705BC900EB2AA7 /* Frameworks */,
				D66345F62F705BC900EB2AA7 /* Resources */,
			);
			buildRules = (
			);
			dependencies = (
			);
			fileSystemSynchronizedGroups = (
				D66345FA2F705BC900EB2AA7 /* ShieldActionExtension */,
			);
			name = ShieldActionExtension;
			packageProductDependencies = (
				D65AF1CC2F86C80B005B09F0 /* SharedKit */,
			);
			productName = ShieldActionExtension;
			productReference = D66345F82F705BC900EB2AA7 /* ShieldActionExtension.appex */;
			productType = "com.apple.product-type.app-extension";
		};
		D6D237732F8848EA00084B5A /* DeviceActivityMonitorExtension */ = {
			isa = PBXNativeTarget;
			buildConfigurationList = D6D2377F2F8848EA00084B5A /* Build configuration list for PBXNativeTarget "DeviceActivityMonitorExtension" */;
			buildPhases = (
				D6D237702F8848EA00084B5A /* Sources */,
				D6D237712F8848EA00084B5A /* Frameworks */,
				D6D237722F8848EA00084B5A /* Resources */,
			);
			buildRules = (
			);
			dependencies = (
			);
			fileSystemSynchronizedGroups = (
				D6D237762F8848EA00084B5A /* DeviceActivityMonitorExtension */,
			);
			name = DeviceActivityMonitorExtension;
			packageProductDependencies = (
				D6D237822F884BE900084B5A /* SharedKit */,
			);
			productName = DeviceActivityMonitorExtension;
			productReference = D6D237742F8848EA00084B5A /* DeviceActivityMonitorExtension.appex */;
			productType = "com.apple.product-type.app-extension";
		};
/* End PBXNativeTarget section */

/* Begin PBXProject section */
		D66345BC2F70258500EB2AA7 /* Project object */ = {
			isa = PBXProject;
			attributes = {
				BuildIndependentTargetsInParallel = 1;
				LastSwiftUpdateCheck = 2640;
				LastUpgradeCheck = 2630;
				TargetAttributes = {
					D66345C32F70258500EB2AA7 = {
						CreatedOnToolsVersion = 26.3;
					};
					D66345E12F705B8A00EB2AA7 = {
						CreatedOnToolsVersion = 26.3;
					};
					D66345F72F705BC900EB2AA7 = {
						CreatedOnToolsVersion = 26.3;
					};
					D6D237732F8848EA00084B5A = {
						CreatedOnToolsVersion = 26.4;
					};
				};
			};
			buildConfigurationList = D66345BF2F70258500EB2AA7 /* Build configuration list for PBXProject "aMCCT" */;
			developmentRegion = en;
			hasScannedForEncodings = 0;
			knownRegions = (
				en,
				Base,
			);
			mainGroup = D66345BB2F70258500EB2AA7;
			minimizedProjectReferenceProxies = 1;
			packageReferences = (
				D63940CD2F72D81B001969F9 /* XCLocalSwiftPackageReference "SharedKit" */,
			);
			preferredProjectObjectVersion = 77;
			productRefGroup = D66345C52F70258500EB2AA7 /* Products */;
			projectDirPath = "";
			projectRoot = "";
			targets = (
				D66345C32F70258500EB2AA7 /* aMCCT */,
				D66345E12F705B8A00EB2AA7 /* ShieldConfigurationExtension */,
				D66345F72F705BC900EB2AA7 /* ShieldActionExtension */,
				D6D237732F8848EA00084B5A /* DeviceActivityMonitorExtension */,
			);
		};
/* End PBXProject section */

/* Begin PBXResourcesBuildPhase section */
		D66345C22F70258500EB2AA7 /* Resources */ = {
			isa = PBXResourcesBuildPhase;
			buildActionMask = 2147483647;
			files = (
			);
			runOnlyForDeploymentPostprocessing = 0;
		};
		D66345E02F705B8A00EB2AA7 /* Resources */ = {
			isa = PBXResourcesBuildPhase;
			buildActionMask = 2147483647;
			files = (
			);
			runOnlyForDeploymentPostprocessing = 0;
		};
		D66345F62F705BC900EB2AA7 /* Resources */ = {
			isa = PBXResourcesBuildPhase;
			buildActionMask = 2147483647;
			files = (
			);
			runOnlyForDeploymentPostprocessing = 0;
		};
		D6D237722F8848EA00084B5A /* Resources */ = {
			isa = PBXResourcesBuildPhase;
			buildActionMask = 2147483647;
			files = (
			);
			runOnlyForDeploymentPostprocessing = 0;
		};
/* End PBXResourcesBuildPhase section */

/* Begin PBXSourcesBuildPhase section */
		D66345C02F70258500EB2AA7 /* Sources */ = {
			isa = PBXSourcesBuildPhase;
			buildActionMask = 2147483647;
			files = (
			);
			runOnlyForDeploymentPostprocessing = 0;
		};
		D66345DE2F705B8A00EB2AA7 /* Sources */ = {
			isa = PBXSourcesBuildPhase;
			buildActionMask = 2147483647;
			files = (
			);
			runOnlyForDeploymentPostprocessing = 0;
		};
		D66345F42F705BC900EB2AA7 /* Sources */ = {
			isa = PBXSourcesBuildPhase;
			buildActionMask = 2147483647;
			files = (
			);
			runOnlyForDeploymentPostprocessing = 0;
		};
		D6D237702F8848EA00084B5A /* Sources */ = {
			isa = PBXSourcesBuildPhase;
			buildActionMask = 2147483647;
			files = (
			);
			runOnlyForDeploymentPostprocessing = 0;
		};
/* End PBXSourcesBuildPhase section */

/* Begin PBXTargetDependency section */
		D66346202F705F5300EB2AA7 /* PBXTargetDependency */ = {
			isa = PBXTargetDependency;
			target = D6D237732F8848EA00084B5A /* DeviceActivityMonitorExtension */;
			targetProxy = D663461F2F705F5300EB2AA7 /* PBXContainerItemProxy */;
		};
		D66346232F705F6200EB2AA7 /* PBXTargetDependency */ = {
			isa = PBXTargetDependency;
			target = D66345F72F705BC900EB2AA7 /* ShieldActionExtension */;
			targetProxy = D66346222F705F6200EB2AA7 /* PBXContainerItemProxy */;
		};
		D66346262F705F6A00EB2AA7 /* PBXTargetDependency */ = {
			isa = PBXTargetDependency;
			target = D66345E12F705B8A00EB2AA7 /* ShieldConfigurationExtension */;
			targetProxy = D66346252F705F6A00EB2AA7 /* PBXContainerItemProxy */;
		};
		D6D2377C2F8848EA00084B5A /* PBXTargetDependency */ = {
			isa = PBXTargetDependency;
			target = D6D237732F8848EA00084B5A /* DeviceActivityMonitorExtension */;
			targetProxy = D6D2377B2F8848EA00084B5A /* PBXContainerItemProxy */;
		};
/* End PBXTargetDependency section */

/* Begin XCBuildConfiguration section */
		D66345CD2F70258500EB2AA7 /* Debug */ = {
			isa = XCBuildConfiguration;
			buildSettings = {
				ALWAYS_SEARCH_USER_PATHS = NO;
				ASSETCATALOG_COMPILER_GENERATE_SWIFT_ASSET_SYMBOL_EXTENSIONS = YES;
				CLANG_ANALYZER_NONNULL = YES;
				CLANG_ANALYZER_NUMBER_OBJECT_CONVERSION = YES_AGGRESSIVE;
				CLANG_CXX_LANGUAGE_STANDARD = "gnu++20";
				CLANG_ENABLE_MODULES = YES;
				CLANG_ENABLE_OBJC_ARC = YES;
				CLANG_ENABLE_OBJC_WEAK = YES;
				CLANG_WARN_BLOCK_CAPTURE_AUTORELEASING = YES;
				CLANG_WARN_BOOL_CONVERSION = YES;
				CLANG_WARN_COMMA = YES;
				CLANG_WARN_CONSTANT_CONVERSION = YES;
				CLANG_WARN_DEPRECATED_OBJC_IMPLEMENTATIONS = YES;
				CLANG_WARN_DIRECT_OBJC_ISA_USAGE = YES_ERROR;
				CLANG_WARN_DOCUMENTATION_COMMENTS = YES;
				CLANG_WARN_EMPTY_BODY = YES;
				CLANG_WARN_ENUM_CONVERSION = YES;
				CLANG_WARN_INFINITE_RECURSION = YES;
				CLANG_WARN_INT_CONVERSION = YES;
				CLANG_WARN_NON_LITERAL_NULL_CONVERSION = YES;
				CLANG_WARN_OBJC_IMPLICIT_RETAIN_SELF = YES;
				CLANG_WARN_OBJC_LITERAL_CONVERSION = YES;
				CLANG_WARN_OBJC_ROOT_CLASS = YES_ERROR;
				CLANG_WARN_QUOTED_INCLUDE_IN_FRAMEWORK_HEADER = YES;
				CLANG_WARN_RANGE_LOOP_ANALYSIS = YES;
				CLANG_WARN_STRICT_PROTOTYPES = YES;
				CLANG_WARN_SUSPICIOUS_MOVE = YES;
				CLANG_WARN_UNGUARDED_AVAILABILITY = YES_AGGRESSIVE;
				CLANG_WARN_UNREACHABLE_CODE = YES;
				CLANG_WARN__DUPLICATE_METHOD_MATCH = YES;
				COPY_PHASE_STRIP = NO;
				DEBUG_INFORMATION_FORMAT = dwarf;
				ENABLE_STRICT_OBJC_MSGSEND = YES;
				ENABLE_TESTABILITY = YES;
				ENABLE_USER_SCRIPT_SANDBOXING = YES;
				GCC_C_LANGUAGE_STANDARD = gnu17;
				GCC_DYNAMIC_NO_PIC = NO;
				GCC_NO_COMMON_BLOCKS = YES;
				GCC_OPTIMIZATION_LEVEL = 0;
				GCC_PREPROCESSOR_DEFINITIONS = (
					"DEBUG=1",
					"$(inherited)",
				);
				GCC_WARN_64_TO_32_BIT_CONVERSION = YES;
				GCC_WARN_ABOUT_RETURN_TYPE = YES_ERROR;
				GCC_WARN_UNDECLARED_SELECTOR = YES;
				GCC_WARN_UNINITIALIZED_AUTOS = YES_AGGRESSIVE;
				GCC_WARN_UNUSED_FUNCTION = YES;
				GCC_WARN_UNUSED_VARIABLE = YES;
				IPHONEOS_DEPLOYMENT_TARGET = 26.2;
				LOCALIZATION_PREFERS_STRING_CATALOGS = YES;
				MTL_ENABLE_DEBUG_INFO = INCLUDE_SOURCE;
				MTL_FAST_MATH = YES;
				ONLY_ACTIVE_ARCH = YES;
				SDKROOT = iphoneos;
				SWIFT_ACTIVE_COMPILATION_CONDITIONS = "DEBUG $(inherited)";
				SWIFT_OPTIMIZATION_LEVEL = "-Onone";
			};
			name = Debug;
		};
		D66345CE2F70258500EB2AA7 /* Release */ = {
			isa = XCBuildConfiguration;
			buildSettings = {
				ALWAYS_SEARCH_USER_PATHS = NO;
				ASSETCATALOG_COMPILER_GENERATE_SWIFT_ASSET_SYMBOL_EXTENSIONS = YES;
				CLANG_ANALYZER_NONNULL = YES;
				CLANG_ANALYZER_NUMBER_OBJECT_CONVERSION = YES_AGGRESSIVE;
				CLANG_CXX_LANGUAGE_STANDARD = "gnu++20";
				CLANG_ENABLE_MODULES = YES;
				CLANG_ENABLE_OBJC_ARC = YES;
				CLANG_ENABLE_OBJC_WEAK = YES;
				CLANG_WARN_BLOCK_CAPTURE_AUTORELEASING = YES;
				CLANG_WARN_BOOL_CONVERSION = YES;
				CLANG_WARN_COMMA = YES;
				CLANG_WARN_CONSTANT_CONVERSION = YES;
				CLANG_WARN_DEPRECATED_OBJC_IMPLEMENTATIONS = YES;
				CLANG_WARN_DIRECT_OBJC_ISA_USAGE = YES_ERROR;
				CLANG_WARN_DOCUMENTATION_COMMENTS = YES;
				CLANG_WARN_EMPTY_BODY = YES;
				CLANG_WARN_ENUM_CONVERSION = YES;
				CLANG_WARN_INFINITE_RECURSION = YES;
				CLANG_WARN_INT_CONVERSION = YES;
				CLANG_WARN_NON_LITERAL_NULL_CONVERSION = YES;
				CLANG_WARN_OBJC_IMPLICIT_RETAIN_SELF = YES;
				CLANG_WARN_OBJC_LITERAL_CONVERSION = YES;
				CLANG_WARN_OBJC_ROOT_CLASS = YES_ERROR;
				CLANG_WARN_QUOTED_INCLUDE_IN_FRAMEWORK_HEADER = YES;
				CLANG_WARN_RANGE_LOOP_ANALYSIS = YES;
				CLANG_WARN_STRICT_PROTOTYPES = YES;
				CLANG_WARN_SUSPICIOUS_MOVE = YES;
				CLANG_WARN_UNGUARDED_AVAILABILITY = YES_AGGRESSIVE;
				CLANG_WARN_UNREACHABLE_CODE = YES;
				CLANG_WARN__DUPLICATE_METHOD_MATCH = YES;
				COPY_PHASE_STRIP = NO;
				DEBUG_INFORMATION_FORMAT = "dwarf-with-dsym";
				ENABLE_NS_ASSERTIONS = NO;
				ENABLE_STRICT_OBJC_MSGSEND = YES;
				ENABLE_USER_SCRIPT_SANDBOXING = YES;
				GCC_C_LANGUAGE_STANDARD = gnu17;
				GCC_NO_COMMON_BLOCKS = YES;
				GCC_WARN_64_TO_32_BIT_CONVERSION = YES;
				GCC_WARN_ABOUT_RETURN_TYPE = YES_ERROR;
				GCC_WARN_UNDECLARED_SELECTOR = YES;
				GCC_WARN_UNINITIALIZED_AUTOS = YES_AGGRESSIVE;
				GCC_WARN_UNUSED_FUNCTION = YES;
				GCC_WARN_UNUSED_VARIABLE = YES;
				IPHONEOS_DEPLOYMENT_TARGET = 26.2;
				LOCALIZATION_PREFERS_STRING_CATALOGS = YES;
				MTL_ENABLE_DEBUG_INFO = NO;
				MTL_FAST_MATH = YES;
				SDKROOT = iphoneos;
				SWIFT_COMPILATION_MODE = wholemodule;
				VALIDATE_PRODUCT = YES;
			};
			name = Release;
		};
		D66345D02F70258500EB2AA7 /* Debug */ = {
			isa = XCBuildConfiguration;
			buildSettings = {
				ASSETCATALOG_COMPILER_APPICON_NAME = AppIcon;
				ASSETCATALOG_COMPILER_GLOBAL_ACCENT_COLOR_NAME = AccentColor;
				CODE_SIGN_ENTITLEMENTS = aMCCT/App/aMCCT.entitlements;
				CODE_SIGN_STYLE = Automatic;
				CURRENT_PROJECT_VERSION = 1;
				DEVELOPMENT_ASSET_PATHS = "";
				DEVELOPMENT_TEAM = 9NAU7R3577;
				ENABLE_PREVIEWS = YES;
				GENERATE_INFOPLIST_FILE = YES;
				INFOPLIST_FILE = "";
				INFOPLIST_KEY_CFBundleDisplayName = Hardwayyy;
				INFOPLIST_KEY_LSApplicationCategoryType = "public.app-category.lifestyle";
				INFOPLIST_KEY_UIApplicationSceneManifest_Generation = YES;
				INFOPLIST_KEY_UIApplicationSupportsIndirectInputEvents = YES;
				INFOPLIST_KEY_UILaunchScreen_Generation = YES;
				INFOPLIST_KEY_UISupportedInterfaceOrientations_iPad = "UIInterfaceOrientationPortrait UIInterfaceOrientationPortraitUpsideDown UIInterfaceOrientationLandscapeLeft UIInterfaceOrientationLandscapeRight";
				INFOPLIST_KEY_UISupportedInterfaceOrientations_iPhone = "UIInterfaceOrientationPortrait UIInterfaceOrientationLandscapeLeft UIInterfaceOrientationLandscapeRight";
				IPHONEOS_DEPLOYMENT_TARGET = 26.0;
				LD_RUNPATH_SEARCH_PATHS = (
					"$(inherited)",
					"@executable_path/Frameworks",
				);
				MARKETING_VERSION = 1.0;
				PRODUCT_BUNDLE_IDENTIFIER = com.ox.aMCCT;
				PRODUCT_NAME = "$(TARGET_NAME)";
				STRING_CATALOG_GENERATE_SYMBOLS = YES;
				SWIFT_APPROACHABLE_CONCURRENCY = YES;
				SWIFT_DEFAULT_ACTOR_ISOLATION = MainActor;
				SWIFT_EMIT_LOC_STRINGS = YES;
				SWIFT_UPCOMING_FEATURE_MEMBER_IMPORT_VISIBILITY = YES;
				SWIFT_VERSION = 5.0;
				TARGETED_DEVICE_FAMILY = "1,2";
			};
			name = Debug;
		};
		D66345D12F70258500EB2AA7 /* Release */ = {
			isa = XCBuildConfiguration;
			buildSettings = {
				ASSETCATALOG_COMPILER_APPICON_NAME = AppIcon;
				ASSETCATALOG_COMPILER_GLOBAL_ACCENT_COLOR_NAME = AccentColor;
				CODE_SIGN_ENTITLEMENTS = aMCCT/App/aMCCT.entitlements;
				CODE_SIGN_STYLE = Automatic;
				CURRENT_PROJECT_VERSION = 1;
				DEVELOPMENT_ASSET_PATHS = "";
				DEVELOPMENT_TEAM = 9NAU7R3577;
				ENABLE_PREVIEWS = YES;
				GENERATE_INFOPLIST_FILE = YES;
				INFOPLIST_FILE = "";
				INFOPLIST_KEY_CFBundleDisplayName = Hardwayyy;
				INFOPLIST_KEY_LSApplicationCategoryType = "public.app-category.lifestyle";
				INFOPLIST_KEY_UIApplicationSceneManifest_Generation = YES;
				INFOPLIST_KEY_UIApplicationSupportsIndirectInputEvents = YES;
				INFOPLIST_KEY_UILaunchScreen_Generation = YES;
				INFOPLIST_KEY_UISupportedInterfaceOrientations_iPad = "UIInterfaceOrientationPortrait UIInterfaceOrientationPortraitUpsideDown UIInterfaceOrientationLandscapeLeft UIInterfaceOrientationLandscapeRight";
				INFOPLIST_KEY_UISupportedInterfaceOrientations_iPhone = "UIInterfaceOrientationPortrait UIInterfaceOrientationLandscapeLeft UIInterfaceOrientationLandscapeRight";
				IPHONEOS_DEPLOYMENT_TARGET = 26.0;
				LD_RUNPATH_SEARCH_PATHS = (
					"$(inherited)",
					"@executable_path/Frameworks",
				);
				MARKETING_VERSION = 1.0;
				PRODUCT_BUNDLE_IDENTIFIER = com.ox.aMCCT;
				PRODUCT_NAME = "$(TARGET_NAME)";
				STRING_CATALOG_GENERATE_SYMBOLS = YES;
				SWIFT_APPROACHABLE_CONCURRENCY = YES;
				SWIFT_DEFAULT_ACTOR_ISOLATION = MainActor;
				SWIFT_EMIT_LOC_STRINGS = YES;
				SWIFT_UPCOMING_FEATURE_MEMBER_IMPORT_VISIBILITY = YES;
				SWIFT_VERSION = 5.0;
				TARGETED_DEVICE_FAMILY = "1,2";
			};
			name = Release;
		};
		D66345F02F705B8A00EB2AA7 /* Debug */ = {
			isa = XCBuildConfiguration;
			buildSettings = {
				CODE_SIGN_ENTITLEMENTS = Extensions/ShieldConfigurationExtension/ShieldConfigurationExtension.entitlements;
				CODE_SIGN_STYLE = Automatic;
				CURRENT_PROJECT_VERSION = 1;
				DEVELOPMENT_TEAM = 9NAU7R3577;
				GENERATE_INFOPLIST_FILE = YES;
				INFOPLIST_FILE = Extensions/ShieldConfigurationExtension/Info.plist;
				INFOPLIST_KEY_CFBundleDisplayName = ShieldConfigurationExtension;
				INFOPLIST_KEY_NSHumanReadableCopyright = "";
				LD_RUNPATH_SEARCH_PATHS = (
					"$(inherited)",
					"@executable_path/Frameworks",
					"@executable_path/../../Frameworks",
				);
				MARKETING_VERSION = 1.0;
				PRODUCT_BUNDLE_IDENTIFIER = com.ox.aMCCT.ShieldConfigurationExtension;
				PRODUCT_NAME = "$(TARGET_NAME)";
				SKIP_INSTALL = YES;
				STRING_CATALOG_GENERATE_SYMBOLS = YES;
				SWIFT_APPROACHABLE_CONCURRENCY = YES;
				SWIFT_EMIT_LOC_STRINGS = YES;
				SWIFT_UPCOMING_FEATURE_MEMBER_IMPORT_VISIBILITY = YES;
				SWIFT_VERSION = 5.0;
				TARGETED_DEVICE_FAMILY = "1,2";
			};
			name = Debug;
		};
		D66345F12F705B8A00EB2AA7 /* Release */ = {
			isa = XCBuildConfiguration;
			buildSettings = {
				CODE_SIGN_ENTITLEMENTS = Extensions/ShieldConfigurationExtension/ShieldConfigurationExtension.entitlements;
				CODE_SIGN_STYLE = Automatic;
				CURRENT_PROJECT_VERSION = 1;
				DEVELOPMENT_TEAM = 9NAU7R3577;
				GENERATE_INFOPLIST_FILE = YES;
				INFOPLIST_FILE = Extensions/ShieldConfigurationExtension/Info.plist;
				INFOPLIST_KEY_CFBundleDisplayName = ShieldConfigurationExtension;
				INFOPLIST_KEY_NSHumanReadableCopyright = "";
				LD_RUNPATH_SEARCH_PATHS = (
					"$(inherited)",
					"@executable_path/Frameworks",
					"@executable_path/../../Frameworks",
				);
				MARKETING_VERSION = 1.0;
				PRODUCT_BUNDLE_IDENTIFIER = com.ox.aMCCT.ShieldConfigurationExtension;
				PRODUCT_NAME = "$(TARGET_NAME)";
				SKIP_INSTALL = YES;
				STRING_CATALOG_GENERATE_SYMBOLS = YES;
				SWIFT_APPROACHABLE_CONCURRENCY = YES;
				SWIFT_EMIT_LOC_STRINGS = YES;
				SWIFT_UPCOMING_FEATURE_MEMBER_IMPORT_VISIBILITY = YES;
				SWIFT_VERSION = 5.0;
				TARGETED_DEVICE_FAMILY = "1,2";
			};
			name = Release;
		};
		D66346032F705BC900EB2AA7 /* Debug */ = {
			isa = XCBuildConfiguration;
			buildSettings = {
				CODE_SIGN_ENTITLEMENTS = Extensions/ShieldActionExtension/ShieldActionExtension.entitlements;
				CODE_SIGN_STYLE = Automatic;
				CURRENT_PROJECT_VERSION = 1;
				DEVELOPMENT_TEAM = 9NAU7R3577;
				GENERATE_INFOPLIST_FILE = YES;
				INFOPLIST_FILE = Extensions/ShieldActionExtension/Info.plist;
				INFOPLIST_KEY_CFBundleDisplayName = ShieldActionExtension;
				INFOPLIST_KEY_NSHumanReadableCopyright = "";
				LD_RUNPATH_SEARCH_PATHS = (
					"$(inherited)",
					"@executable_path/Frameworks",
					"@executable_path/../../Frameworks",
				);
				MARKETING_VERSION = 1.0;
				PRODUCT_BUNDLE_IDENTIFIER = com.ox.aMCCT.ShieldActionExtension;
				PRODUCT_NAME = "$(TARGET_NAME)";
				SKIP_INSTALL = YES;
				STRING_CATALOG_GENERATE_SYMBOLS = YES;
				SWIFT_APPROACHABLE_CONCURRENCY = YES;
				SWIFT_EMIT_LOC_STRINGS = YES;
				SWIFT_UPCOMING_FEATURE_MEMBER_IMPORT_VISIBILITY = YES;
				SWIFT_VERSION = 5.0;
				TARGETED_DEVICE_FAMILY = "1,2";
			};
			name = Debug;
		};
		D66346042F705BC900EB2AA7 /* Release */ = {
			isa = XCBuildConfiguration;
			buildSettings = {
				CODE_SIGN_ENTITLEMENTS = Extensions/ShieldActionExtension/ShieldActionExtension.entitlements;
				CODE_SIGN_STYLE = Automatic;
				CURRENT_PROJECT_VERSION = 1;
				DEVELOPMENT_TEAM = 9NAU7R3577;
				GENERATE_INFOPLIST_FILE = YES;
				INFOPLIST_FILE = Extensions/ShieldActionExtension/Info.plist;
				INFOPLIST_KEY_CFBundleDisplayName = ShieldActionExtension;
				INFOPLIST_KEY_NSHumanReadableCopyright = "";
				LD_RUNPATH_SEARCH_PATHS = (
					"$(inherited)",
					"@executable_path/Frameworks",
					"@executable_path/../../Frameworks",
				);
				MARKETING_VERSION = 1.0;
				PRODUCT_BUNDLE_IDENTIFIER = com.ox.aMCCT.ShieldActionExtension;
				PRODUCT_NAME = "$(TARGET_NAME)";
				SKIP_INSTALL = YES;
				STRING_CATALOG_GENERATE_SYMBOLS = YES;
				SWIFT_APPROACHABLE_CONCURRENCY = YES;
				SWIFT_EMIT_LOC_STRINGS = YES;
				SWIFT_UPCOMING_FEATURE_MEMBER_IMPORT_VISIBILITY = YES;
				SWIFT_VERSION = 5.0;
				TARGETED_DEVICE_FAMILY = "1,2";
			};
			name = Release;
		};
		D6D237802F8848EA00084B5A /* Debug */ = {
			isa = XCBuildConfiguration;
			buildSettings = {
				CODE_SIGN_ENTITLEMENTS = Extensions/DeviceActivityMonitorExtension/DeviceActivityMonitorExtension.entitlements;
				CODE_SIGN_STYLE = Automatic;
				CURRENT_PROJECT_VERSION = 1;
				DEVELOPMENT_TEAM = 9NAU7R3577;
				GENERATE_INFOPLIST_FILE = YES;
				INFOPLIST_FILE = Extensions/DeviceActivityMonitorExtension/Info.plist;
				INFOPLIST_KEY_CFBundleDisplayName = DeviceActivityMonitorExtension;
				INFOPLIST_KEY_NSHumanReadableCopyright = "";
				IPHONEOS_DEPLOYMENT_TARGET = 26.4;
				LD_RUNPATH_SEARCH_PATHS = (
					"$(inherited)",
					"@executable_path/Frameworks",
					"@executable_path/../../Frameworks",
				);
				MARKETING_VERSION = 1.0;
				PRODUCT_BUNDLE_IDENTIFIER = com.ox.aMCCT.DeviceActivityMonitorExtension;
				PRODUCT_NAME = "$(TARGET_NAME)";
				SKIP_INSTALL = YES;
				STRING_CATALOG_GENERATE_SYMBOLS = YES;
				SWIFT_APPROACHABLE_CONCURRENCY = YES;
				SWIFT_EMIT_LOC_STRINGS = YES;
				SWIFT_UPCOMING_FEATURE_MEMBER_IMPORT_VISIBILITY = YES;
				SWIFT_VERSION = 5.0;
				TARGETED_DEVICE_FAMILY = "1,2";
			};
			name = Debug;
		};
		D6D237812F8848EA00084B5A /* Release */ = {
			isa = XCBuildConfiguration;
			buildSettings = {
				CODE_SIGN_ENTITLEMENTS = Extensions/DeviceActivityMonitorExtension/DeviceActivityMonitorExtension.entitlements;
				CODE_SIGN_STYLE = Automatic;
				CURRENT_PROJECT_VERSION = 1;
				DEVELOPMENT_TEAM = 9NAU7R3577;
				GENERATE_INFOPLIST_FILE = YES;
				INFOPLIST_FILE = Extensions/DeviceActivityMonitorExtension/Info.plist;
				INFOPLIST_KEY_CFBundleDisplayName = DeviceActivityMonitorExtension;
				INFOPLIST_KEY_NSHumanReadableCopyright = "";
				IPHONEOS_DEPLOYMENT_TARGET = 26.4;
				LD_RUNPATH_SEARCH_PATHS = (
					"$(inherited)",
					"@executable_path/Frameworks",
					"@executable_path/../../Frameworks",
				);
				MARKETING_VERSION = 1.0;
				PRODUCT_BUNDLE_IDENTIFIER = com.ox.aMCCT.DeviceActivityMonitorExtension;
				PRODUCT_NAME = "$(TARGET_NAME)";
				SKIP_INSTALL = YES;
				STRING_CATALOG_GENERATE_SYMBOLS = YES;
				SWIFT_APPROACHABLE_CONCURRENCY = YES;
				SWIFT_EMIT_LOC_STRINGS = YES;
				SWIFT_UPCOMING_FEATURE_MEMBER_IMPORT_VISIBILITY = YES;
				SWIFT_VERSION = 5.0;
				TARGETED_DEVICE_FAMILY = "1,2";
			};
			name = Release;
		};
/* End XCBuildConfiguration section */

/* Begin XCConfigurationList section */
		D66345BF2F70258500EB2AA7 /* Build configuration list for PBXProject "aMCCT" */ = {
			isa = XCConfigurationList;
			buildConfigurations = (
				D66345CD2F70258500EB2AA7 /* Debug */,
				D66345CE2F70258500EB2AA7 /* Release */,
			);
			defaultConfigurationIsVisible = 0;
			defaultConfigurationName = Release;
		};
		D66345CF2F70258500EB2AA7 /* Build configuration list for PBXNativeTarget "aMCCT" */ = {
			isa = XCConfigurationList;
			buildConfigurations = (
				D66345D02F70258500EB2AA7 /* Debug */,
				D66345D12F70258500EB2AA7 /* Release */,
			);
			defaultConfigurationIsVisible = 0;
			defaultConfigurationName = Release;
		};
		D66345EF2F705B8A00EB2AA7 /* Build configuration list for PBXNativeTarget "ShieldConfigurationExtension" */ = {
			isa = XCConfigurationList;
			buildConfigurations = (
				D66345F02F705B8A00EB2AA7 /* Debug */,
				D66345F12F705B8A00EB2AA7 /* Release */,
			);
			defaultConfigurationIsVisible = 0;
			defaultConfigurationName = Release;
		};
		D66346022F705BC900EB2AA7 /* Build configuration list for PBXNativeTarget "ShieldActionExtension" */ = {
			isa = XCConfigurationList;
			buildConfigurations = (
				D66346032F705BC900EB2AA7 /* Debug */,
				D66346042F705BC900EB2AA7 /* Release */,
			);
			defaultConfigurationIsVisible = 0;
			defaultConfigurationName = Release;
		};
		D6D2377F2F8848EA00084B5A /* Build configuration list for PBXNativeTarget "DeviceActivityMonitorExtension" */ = {
			isa = XCConfigurationList;
			buildConfigurations = (
				D6D237802F8848EA00084B5A /* Debug */,
				D6D237812F8848EA00084B5A /* Release */,
			);
			defaultConfigurationIsVisible = 0;
			defaultConfigurationName = Release;
		};
/* End XCConfigurationList section */

/* Begin XCLocalSwiftPackageReference section */
		D63940CD2F72D81B001969F9 /* XCLocalSwiftPackageReference "SharedKit" */ = {
			isa = XCLocalSwiftPackageReference;
			relativePath = SharedKit;
		};
/* End XCLocalSwiftPackageReference section */

/* Begin XCSwiftPackageProductDependency section */
		D65AF1CA2F86C805005B09F0 /* SharedKit */ = {
			isa = XCSwiftPackageProductDependency;
			package = D63940CD2F72D81B001969F9 /* XCLocalSwiftPackageReference "SharedKit" */;
			productName = SharedKit;
		};
		D65AF1CC2F86C80B005B09F0 /* SharedKit */ = {
			isa = XCSwiftPackageProductDependency;
			package = D63940CD2F72D81B001969F9 /* XCLocalSwiftPackageReference "SharedKit" */;
			productName = SharedKit;
		};
		D6D237822F884BE900084B5A /* SharedKit */ = {
			isa = XCSwiftPackageProductDependency;
			package = D63940CD2F72D81B001969F9 /* XCLocalSwiftPackageReference "SharedKit" */;
			productName = SharedKit;
		};
		D6F034F62F72D13A00966A28 /* SharedKit */ = {
			isa = XCSwiftPackageProductDependency;
			productName = SharedKit;
		};
/* End XCSwiftPackageProductDependency section */
	};
	rootObject = D66345BC2F70258500EB2AA7 /* Project object */;
}
